{
  "name": "skeleton",
  "version": "0.0.0",
  "lockfileVersion": 1,
  "requires": true,
  "dependencies": {
    "amdefine": {
      "version": "0.1.0",
      "resolved": "https://registry.npmjs.org/amdefine/-/amdefine-0.1.0.tgz",
      "integrity": "sha1-PKlzXPHd4O33pL9mQXCcgCT5sic="
    },
    "autoprefixer": {
      "version": "4.0.0",
      "resolved": "https://registry.npmjs.org/autoprefixer/-/autoprefixer-4.0.0.tgz",
      "integrity": "sha1-v1i5aACKylGwlFtI3wxvTKLLoEY=",
      "requires": {
        "autoprefixer-core": "~4.0.0",
        "fs-extra": "~0.11.1",
        "postcss": "~3.0.1"
      },
      "dependencies": {
        "autoprefixer-core": {
          "version": "4.0.2",
          "resolved": "https://registry.npmjs.org/autoprefixer-core/-/autoprefixer-core-4.0.2.tgz",
          "integrity": "sha1-Qpjjko37pY0eM6D0PWizwxUItv4=",
          "requires": {
            "caniuse-db": "^1.0.30000030",
            "postcss": "~3.0.6"
          },
          "dependencies": {
            "caniuse-db": {
              "version": "1.0.30000145",
              "resolved": "https://registry.npmjs.org/caniuse-db/-/caniuse-db-1.0.30000145.tgz",
              "integrity": "sha1-wtQHfAaJXOl0zpM1sMkAs9dRDJU="
            }
          }
        },
        "fs-extra": {
          "version": "0.11.1",
          "resolved": "https://registry.npmjs.org/fs-extra/-/fs-extra-0.11.1.tgz",
          "integrity": "sha1-3xBPlMyEHu+Pr+KkRsiPXTW7Lnk=",
          "requires": {
            "jsonfile": "^2.0.0",
            "mkdirp": "^0.5.0",
            "ncp": "^0.6.0",
            "rimraf": "^2.2.8"
          },
          "dependencies": {
            "jsonfile": {
              "version": "2.0.0",
              "resolved": "https://registry.npmjs.org/jsonfile/-/jsonfile-2.0.0.tgz",
              "integrity": "sha1-w5RPNQvTwHizkuCqFjO0RmL88Gs="
            },
            "ncp": {
              "version": "0.6.0",
              "resolved": "https://registry.npmjs.org/ncp/-/ncp-0.6.0.tgz",
              "integrity": "sha1-34zgIeJiviG1L+s9Plz6qxJJHw0="
            }
          }
        },
        "mkdirp": {
          "version": "0.5.5",
          "resolved": "https://registry.npmjs.org/mkdirp/-/mkdirp-0.5.5.tgz",
          "integrity": "sha512-NKmAlESf6jMGym1++R0Ra7wvhV+wFW63FaSOFPwRahvea0gMUcGUhVeAg/0BC0wiv9ih5NYPB1Wn1UEI1/L+xQ==",
          "requires": {
            "minimist": "^1.2.5"
          }
        },
        "postcss": {
          "version": "3.0.7",
          "resolved": "https://registry.npmjs.org/postcss/-/postcss-3.0.7.tgz",
          "integrity": "sha1-y6iwch8CrKBCzC/uhHQYmK0gB3I=",
          "requires": {
            "js-base64": "~2.1.5",
            "source-map": "~0.1.40"
          },
          "dependencies": {
            "js-base64": {
              "version": "2.1.8",
              "resolved": "https://registry.npmjs.org/js-base64/-/js-base64-2.1.8.tgz",
              "integrity": "sha1-QhSZI5fveX6JLa4wU4Oh2AlNVhY="
            },
            "source-map": {
              "version": "0.1.43",
              "resolved": "https://registry.npmjs.org/source-map/-/source-map-0.1.43.tgz",
              "integrity": "sha1-wkvBRspRfBRx9drL4lcbK3+eM0Y=",
              "requires": {
                "amdefine": ">=0.0.4"
              }
            }
          }
        }
      }
    },
    "balanced-match": {
      "version": "1.0.0",
      "resolved": "https://registry.npmjs.org/balanced-match/-/balanced-match-1.0.0.tgz",
      "integrity": "sha1-ibTRmasr7kneFk6gK4nORi1xt2c="
    },
    "bower": {
      "version": "1.8.12",
      "resolved": "https://registry.npmjs.org/bower/-/bower-1.8.12.tgz",
      "integrity": "sha512-u1xy9SrwwoPlgjuHNjhV+YUPVdqyBj2ALBxuzeIUKXaPI2i2xypGgxqXkuHcITGdi5yBj5JuXgyMvgiWiS1S3Q=="
    },
    "brace-expansion": {
      "version": "1.1.11",
      "resolved": "https://registry.npmjs.org/brace-expansion/-/brace-expansion-1.1.11.tgz",
      "integrity": "sha512-iCuPHDFgrHX7H2vEI/5xpz07zSHB00TpugqhmYtVmMO6518mCuRMoOYFldEBl0g187ufozdaHgWKcYFb61qGiA==",
      "requires": {
        "balanced-match": "^1.0.0",
        "concat-map": "0.0.1"
      }
    },
    "coffeescript": {
      "version": "2.5.1",
      "resolved": "https://registry.npmjs.org/coffeescript/-/coffeescript-2.5.1.tgz",
      "integrity": "sha512-J2jRPX0eeFh5VKyVnoLrfVFgLZtnnmp96WQSLAS8OrLm2wtQLcnikYKe1gViJKDH7vucjuhHvBKKBP3rKcD1tQ=="
    },
    "concat-map": {
      "version": "0.0.1",
      "resolved": "https://registry.npmjs.org/concat-map/-/concat-map-0.0.1.tgz",
      "integrity": "sha1-2Klr13/Wjfd5OnMDajug1UBdR3s="
    },
    "copy-anything": {
      "version": "2.0.3",
      "resolved": "https://registry.npmjs.org/copy-anything/-/copy-anything-2.0.3.tgz",
      "integrity": "sha512-GK6QUtisv4fNS+XcI7shX0Gx9ORg7QqIznyfho79JTnX1XhLiyZHfftvGiziqzRiEi/Bjhgpi+D2o7HxJFPnDQ==",
      "requires": {
        "is-what": "^3.12.0"
      }
    },
    "debug": {
      "version": "3.2.7",
      "resolved": "https://registry.npmjs.org/debug/-/debug-3.2.7.tgz",
      "integrity": "sha512-CFjzYYAi4ThfiQvizrFQevTTXHtnCqWfe7x1AhgEscTz6ZbLbfoLRLPugTQyBth6f8ZERVUSyWHFD/7Wu4t1XQ==",
      "optional": true,
      "requires": {
        "ms": "^2.1.1"
      }
    },
    "errno": {
      "version": "0.1.8",
      "resolved": "https://registry.npmjs.org/errno/-/errno-0.1.8.tgz",
      "integrity": "sha512-dJ6oBr5SQ1VSd9qkk7ByRgb/1SH4JZjCHSW/mr63/QcXO9zLVxvJ6Oy13nio03rxpSnVDDjFor75SjVeZWPW/A==",
      "optional": true,
      "requires": {
        "prr": "~1.0.1"
      }
    },
    "fs.realpath": {
      "version": "1.0.0",
      "resolved": "https://registry.npmjs.org/fs.realpath/-/fs.realpath-1.0.0.tgz",
      "integrity": "sha1-FQStJSMVjKpA20onh8sBQRmU6k8="
    },
    "glob": {
      "version": "7.1.6",
      "resolved": "https://registry.npmjs.org/glob/-/glob-7.1.6.tgz",
      "integrity": "sha512-LwaxwyZ72Lk7vZINtNNrywX0ZuLyStrdDtabefZKAY5ZGJhVtgdznluResxNmPitE0SAO+O26sWTHeKSI2wMBA==",
      "requires": {
        "fs.realpath": "^1.0.0",
        "inflight": "^1.0.4",
        "inherits": "2",
        "minimatch": "^3.0.4",
        "once": "^1.3.0",
        "path-is-absolute": "^1.0.0"
      }
    },
    "graceful-fs": {
      "version": "4.2.6",
      "resolved": "https://registry.npmjs.org/graceful-fs/-/graceful-fs-4.2.6.tgz",
      "integrity": "sha512-nTnJ528pbqxYanhpDYsi4Rd8MAeaBA67+RZ10CM1m3bTAVFEDcd5AuA4a6W5YkGZ1iNXHzZz8T6TBKLeBuNriQ=="
    },
    "iconv-lite": {
      "version": "0.4.24",
      "resolved": "https://registry.npmjs.org/iconv-lite/-/iconv-lite-0.4.24.tgz",
      "integrity": "sha512-v3MXnZAcvnywkTUEZomIActle7RXXeedOR31wwl7VlyoXO4Qi9arvSenNQWne1TcRwhCL1HwLI21bEqdpj8/rA==",
      "optional": true,
      "requires": {
        "safer-buffer": ">= 2.1.2 < 3"
      }
    },
    "image-size": {
      "version": "0.5.5",
      "resolved": "https://registry.npmjs.org/image-size/-/image-size-0.5.5.tgz",
      "integrity": "sha1-Cd/Uq50g4p6xw+gLiZA3jfnjy5w=",
      "optional": true
    },
    "inflight": {
      "version": "1.0.6",
      "resolved": "https://registry.npmjs.org/inflight/-/inflight-1.0.6.tgz",
      "integrity": "sha1-Sb1jMdfQLQwJvJEKEHW6gWW1bfk=",
      "requires": {
        "once": "^1.3.0",
        "wrappy": "1"
      }
    },
    "inherits": {
      "version": "2.0.4",
      "resolved": "https://registry.npmjs.org/inherits/-/inherits-2.0.4.tgz",
      "integrity": "sha512-k/vGaX4/Yla3WzyMCvTQOXYeIHvqOKtnqBduzTHpzpQZzAskKMhZ2K+EnBiSM9zGSoIFeMpXKxa4dYeZIQqewQ=="
    },
    "is-what": {
      "version": "3.14.1",
      "resolved": "https://registry.npmjs.org/is-what/-/is-what-3.14.1.tgz",
      "integrity": "sha512-sNxgpk9793nzSs7bA6JQJGeIuRBQhAaNGG77kzYQgMkrID+lS6SlK07K5LaptscDlSaIgH+GPFzf+d75FVxozA=="
    },
    "less": {
      "version": "4.1.1",
      "resolved": "https://registry.npmjs.org/less/-/less-4.1.1.tgz",
      "integrity": "sha512-w09o8tZFPThBscl5d0Ggp3RcrKIouBoQscnOMgFH3n5V3kN/CXGHNfCkRPtxJk6nKryDXaV9aHLK55RXuH4sAw==",
      "requires": {
        "copy-anything": "^2.0.1",
        "errno": "^0.1.1",
        "graceful-fs": "^4.1.2",
        "image-size": "~0.5.0",
        "make-dir": "^2.1.0",
        "mime": "^1.4.1",
        "needle": "^2.5.2",
        "parse-node-version": "^1.0.1",
        "source-map": "~0.6.0",
        "tslib": "^1.10.0"
      }
    },
    "make-dir": {
      "version": "2.1.0",
      "resolved": "https://registry.npmjs.org/make-dir/-/make-dir-2.1.0.tgz",
      "integrity": "sha512-LS9X+dc8KLxXCb8dni79fLIIUA5VyZoyjSMCwTluaXA0o27cCK0bhXkpgw+sTXVpPy/lSO57ilRixqk0vDmtRA==",
      "optional": true,
      "requires": {
        "pify": "^4.0.1",
        "semver": "^5.6.0"
      }
    },
    "mime": {
      "version": "1.6.0",
      "resolved": "https://registry.npmjs.org/mime/-/mime-1.6.0.tgz",
      "integrity": "sha512-x0Vn8spI+wuJ1O6S7gnbaQg8Pxh4NNHb7KSINmEWKiPE4RKOplvijn+NkmYmmRgP68mc70j2EbeTFRsrswaQeg==",
      "optional": true
    },
    "minimatch": {
      "version": "3.0.4",
      "resolved": "https://registry.npmjs.org/minimatch/-/minimatch-3.0.4.tgz",
      "integrity": "sha512-yJHVQEhyqPLUTgt9B83PXu6W3rx4MvvHvSUvToogpwoGDOUQ+yDrR0HRot+yOCdCO7u4hX3pWft6kWBBcqh0UA==",
      "requires": {
        "brace-expansion": "^1.1.7"
      }
    },
    "minimist": {
      "version": "1.2.5",
      "resolved": "https://registry.npmjs.org/minimist/-/minimist-1.2.5.tgz",
      "integrity": "sha512-FM9nNUYrRBAELZQT3xeZQ7fmMOBg6nWNmJKTcgsJeaLstP/UODVpGsr5OhXhhXg6f+qtJ8uiZ+PUxkDWcgIXLw=="
    },
    "mkdirp": {
      "version": "1.0.4",
      "resolved": "https://registry.npmjs.org/mkdirp/-/mkdirp-1.0.4.tgz",
      "integrity": "sha512-vVqVZQyf3WLx2Shd0qJ9xuvqgAyKPLAiqITEtqW0oIUjzo3PePDd6fW9iFz30ef7Ysp/oiWqbhszeGWW2T6Gzw=="
    },
    "ms": {
      "version": "2.1.3",
      "resolved": "https://registry.npmjs.org/ms/-/ms-2.1.3.tgz",
      "integrity": "sha512-6FlzubTLZG3J2a/NVCAleEhjzq5oxgHyaCU9yYXvcLsvoVaHJq/s5xXI6/XXP6tz7R9xAOtHnSO/tXtF3WRTlA==",
      "optional": true
    },
    "needle": {
      "version": "2.6.0",
      "resolved": "https://registry.npmjs.org/needle/-/needle-2.6.0.tgz",
      "integrity": "sha512-KKYdza4heMsEfSWD7VPUIz3zX2XDwOyX2d+geb4vrERZMT5RMU6ujjaD+I5Yr54uZxQ2w6XRTAhHBbSCyovZBg==",
      "optional": true,
      "requires": {
        "debug": "^3.2.6",
        "iconv-lite": "^0.4.4",
        "sax": "^1.2.4"
      }
    },
    "once": {
      "version": "1.4.0",
      "resolved": "https://registry.npmjs.org/once/-/once-1.4.0.tgz",
      "integrity": "sha1-WDsap3WWHUsROsF9nFC6753Xa9E=",
      "requires": {
        "wrappy": "1"
      }
    },
    "parse-node-version": {
      "version": "1.0.1",
      "resolved": "https://registry.npmjs.org/parse-node-version/-/parse-node-version-1.0.1.tgz",
      "integrity": "sha512-3YHlOa/JgH6Mnpr05jP9eDG254US9ek25LyIxZlDItp2iJtwyaXQb57lBYLdT3MowkUFYEV2XXNAYIPlESvJlA=="
    },
    "path-is-absolute": {
      "version": "1.0.1",
      "resolved": "https://registry.npmjs.org/path-is-absolute/-/path-is-absolute-1.0.1.tgz",
      "integrity": "sha1-F0uSaHNVNP+8es5r9TpanhtcX18="
    },
    "pify": {
      "version": "4.0.1",
      "resolved": "https://registry.npmjs.org/pify/-/pify-4.0.1.tgz",
      "integrity": "sha512-uB80kBFb/tfd68bVleG9T5GGsGPjJrLAUpR5PZIrhBnIaRTQRjqdJSsIKkOP6OAIFbj7GOrcudc5pNjZ+geV2g==",
      "optional": true
    },
    "prr": {
      "version": "1.0.1",
      "resolved": "https://registry.npmjs.org/prr/-/prr-1.0.1.tgz",
      "integrity": "sha1-0/wRS6BplaRexok/SEzrHXj19HY=",
      "optional": true
    },
    "rimraf": {
      "version": "2.7.1",
      "resolved": "https://registry.npmjs.org/rimraf/-/rimraf-2.7.1.tgz",
      "integrity": "sha512-uWjbaKIK3T1OSVptzX7Nl6PvQ3qAGtKEtVRjRuazjfL3Bx5eI409VZSqgND+4UNnmzLVdPj9FqFJNPqBZFve4w==",
      "requires": {
        "glob": "^7.1.3"
      }
    },
    "safer-buffer": {
      "version": "2.1.2",
      "resolved": "https://registry.npmjs.org/safer-buffer/-/safer-buffer-2.1.2.tgz",
      "integrity": "sha512-YZo3K82SD7Riyi0E1EQPojLz7kpepnSQI9IyPbHHg1XXXevb5dJI7tpyN2ADxGcQbHG7vcyRHk0cbwqcQriUtg==",
      "optional": true
    },
    "sax": {
      "version": "1.2.4",
      "resolved": "https://registry.npmjs.org/sax/-/sax-1.2.4.tgz",
      "integrity": "sha512-NqVDv9TpANUjFm0N8uM5GxL36UgKi9/atZw+x7YFnQ8ckwFGKrl4xX4yWtrey3UJm5nP1kUbnYgLopqWNSRhWw==",
      "optional": true
    },
    "semver": {
      "version": "5.7.1",
      "resolved": "https://registry.npmjs.org/semver/-/semver-5.7.1.tgz",
      "integrity": "sha512-sauaDf/PZdVgrLTNYHRtpXa1iRiKcaebiKQ1BJdpQlWH2lCvexQdX55snPFyK7QzpudqbCI0qXFfOasHdyNDGQ==",
      "optional": true
    },
    "source-map": {
      "version": "0.6.1",
      "resolved": "https://registry.npmjs.org/source-map/-/source-map-0.6.1.tgz",
      "integrity": "sha512-UjgapumWlbMhkBgzT7Ykc5YXUT46F0iKu8SGXq0bcwP5dz/h0Plj6enJqjz1Zbq2l5WaqYnrVbwWOWMyF3F47g==",
      "optional": true
    },
    "tslib": {
      "version": "1.14.1",
      "resolved": "https://registry.npmjs.org/tslib/-/tslib-1.14.1.tgz",
      "integrity": "sha512-Xni35NKzjgMrwevysHTCArtLDpPvye8zV/0E4EyYn43P7/7qvQwPh9BGkHewbMulVntbigmcT7rdX3BNo9wRJg=="
    },
    "uglify-js": {
      "version": "3.13.1",
      "resolved": "https://registry.npmjs.org/uglify-js/-/uglify-js-3.13.1.tgz",
      "integrity": "sha512-EWhx3fHy3M9JbaeTnO+rEqzCe1wtyQClv6q3YWq0voOj4E+bMZBErVS1GAHPDiRGONYq34M1/d8KuQMgvi6Gjw=="
    },
    "wrappy": {
      "version": "1.0.2",
      "resolved": "https://registry.npmjs.org/wrappy/-/wrappy-1.0.2.tgz",
      "integrity": "sha1-tSQ9jz7BqjXxNkYFvA0QNuMKtp8="
    }
  }
}
