# This file is @generated by PDM.
# It is not intended for manual editing.

[metadata]
groups = ["default", "dev", "test"]
strategy = ["inherit_metadata"]
lock_version = "4.5.0"
content_hash = "sha256:21e89d4bf013647acca267987c6ae8c51b4d4df4aabcd6b64281bd1f302192e3"

[[metadata.targets]]
requires_python = "==3.10.*"

[[package]]
name = "aniso8601"
version = "10.0.1"
summary = "A library for parsing ISO 8601 strings."
groups = ["default"]
files = [
    {file = "aniso8601-10.0.1-py2.py3-none-any.whl", hash = "sha256:eb19717fd4e0db6de1aab06f12450ab92144246b257423fe020af5748c0cb89e"},
    {file = "aniso8601-10.0.1.tar.gz", hash = "sha256:25488f8663dd1528ae1f54f94ac1ea51ae25b4d531539b8bc707fed184d16845"},
]

[[package]]
name = "asttokens"
version = "3.0.0"
requires_python = ">=3.8"
summary = "Annotate AST trees with source code positions"
groups = ["dev"]
files = [
    {file = "asttokens-3.0.0-py3-none-any.whl", hash = "sha256:e3078351a059199dd5138cb1c706e6430c05eff2ff136af5eb4790f9d28932e2"},
    {file = "asttokens-3.0.0.tar.gz", hash = "sha256:0dcd8baa8d62b0c1d118b399b2ddba3c4aff271d0d7a9e0d4c1681c79035bbc7"},
]

[[package]]
name = "beautifulsoup4"
version = "4.9.3"
summary = "Screen-scraping library"
groups = ["default"]
dependencies = [
    "soupsieve<2.0,>1.2; python_version < \"3.0\"",
    "soupsieve>1.2; python_version >= \"3.0\"",
]
files = [
    {file = "beautifulsoup4-4.9.3-py3-none-any.whl", hash = "sha256:fff47e031e34ec82bf17e00da8f592fe7de69aeea38be00523c04623c04fb666"},
    {file = "beautifulsoup4-4.9.3.tar.gz", hash = "sha256:84729e322ad1d5b4d25f805bfa05b902dd96450f43842c4e99067d5e1369eb25"},
]

[[package]]
name = "blinker"
version = "1.9.0"
requires_python = ">=3.9"
summary = "Fast, simple object-to-object and broadcast signaling"
groups = ["default", "test"]
files = [
    {file = "blinker-1.9.0-py3-none-any.whl", hash = "sha256:ba0efaa9080b619ff2f3459d1d500c57bddea4a6b424b60a91141db6fd2f08bc"},
    {file = "blinker-1.9.0.tar.gz", hash = "sha256:b4ce2265a7abece45e7cc896e98dbebe6cead56bcf805a3d23136d145f5445bf"},
]

[[package]]
name = "click"
version = "8.1.8"
requires_python = ">=3.7"
summary = "Composable command line interface toolkit"
groups = ["default", "test"]
dependencies = [
    "colorama; platform_system == \"Windows\"",
    "importlib-metadata; python_version < \"3.8\"",
]
files = [
    {file = "click-8.1.8-py3-none-any.whl", hash = "sha256:63c132bbbed01578a06712a2d1f497bb62d9c1c0d329b7903a866228027263b2"},
    {file = "click-8.1.8.tar.gz", hash = "sha256:ed53c9d8990d83c2a27deae68e4ee337473f6330c040a31d4225c9574d16096a"},
]

[[package]]
name = "colorama"
version = "0.4.6"
requires_python = "!=3.0.*,!=3.1.*,!=3.2.*,!=3.3.*,!=3.4.*,!=3.5.*,!=3.6.*,>=2.7"
summary = "Cross-platform colored terminal text."
groups = ["default", "dev", "test"]
marker = "sys_platform == \"win32\" or platform_system == \"Windows\""
files = [
    {file = "colorama-0.4.6-py2.py3-none-any.whl", hash = "sha256:4f1d9991f5acc0ca119f9d443620b77f9d6b33703e51011c16baf57afb285fc6"},
    {file = "colorama-0.4.6.tar.gz", hash = "sha256:08695f5cb7ed6e0531a20572697297273c47b8cae5a63ffc6d6ed5c201be6e44"},
]

[[package]]
name = "cssmin"
version = "0.2.0"
summary = "A Python port of the YUI CSS compression algorithm."
groups = ["default"]
files = [
    {file = "cssmin-0.2.0.tar.gz", hash = "sha256:e012f0cc8401efcf2620332339011564738ae32be8c84b2e43ce8beaec1067b6"},
]

[[package]]
name = "decorator"
version = "5.2.1"
requires_python = ">=3.8"
summary = "Decorators for Humans"
groups = ["dev"]
files = [
    {file = "decorator-5.2.1-py3-none-any.whl", hash = "sha256:d316bb415a2d9e2d2b3abcc4084c6502fc09240e292cd76a76afc106a1c8e04a"},
    {file = "decorator-5.2.1.tar.gz", hash = "sha256:65f266143752f734b0a7cc83c46f4618af75b8c5911b00ccb61d0ac9b6da0360"},
]

[[package]]
name = "exceptiongroup"
version = "1.2.2"
requires_python = ">=3.7"
summary = "Backport of PEP 654 (exception groups)"
groups = ["dev", "test"]
marker = "python_version < \"3.11\""
files = [
    {file = "exceptiongroup-1.2.2-py3-none-any.whl", hash = "sha256:3111b9d131c238bec2f8f516e123e14ba243563fb135d3fe885990585aa7795b"},
    {file = "exceptiongroup-1.2.2.tar.gz", hash = "sha256:47c2edf7c6738fafb49fd34290706d1a1a2f4d1c6df275526b62cbb4aa5393cc"},
]

[[package]]
name = "executing"
version = "2.2.0"
requires_python = ">=3.8"
summary = "Get the currently executing AST node of a frame, and other information"
groups = ["dev"]
files = [
    {file = "executing-2.2.0-py2.py3-none-any.whl", hash = "sha256:11387150cad388d62750327a53d3339fad4888b39a6fe233c3afbb54ecffd3aa"},
    {file = "executing-2.2.0.tar.gz", hash = "sha256:5d108c028108fe2551d1a7b2e8b713341e2cb4fc0aa7dcf966fa4327a5226755"},
]

[[package]]
name = "flask"
version = "3.1.0"
requires_python = ">=3.9"
summary = "A simple framework for building complex web applications."
groups = ["default", "test"]
dependencies = [
    "Jinja2>=3.1.2",
    "Werkzeug>=3.1",
    "blinker>=1.9",
    "click>=8.1.3",
    "importlib-metadata>=3.6; python_version < \"3.10\"",
    "itsdangerous>=2.2",
]
files = [
    {file = "flask-3.1.0-py3-none-any.whl", hash = "sha256:d667207822eb83f1c4b50949b1623c8fc8d51f2341d65f72e1a1815397551136"},
    {file = "flask-3.1.0.tar.gz", hash = "sha256:5f873c5184c897c8d9d1b05df1e3d01b14910ce69607a117bd3277098a5836ac"},
]

[[package]]
name = "flask-assets"
version = "2.1.0"
summary = "Asset management for Flask, to compress and merge CSS and Javascript files."
groups = ["default"]
dependencies = [
    "Flask>=0.8",
    "webassets>=2.0",
]
files = [
    {file = "Flask-Assets-2.1.0.tar.gz", hash = "sha256:f84d6532ffe59c9ff352885e8740ff4da25c0bcfacd805f0a806815e44354813"},
    {file = "Flask_Assets-2.1.0-py3-none-any.whl", hash = "sha256:a56c476b15f84701712cc3b4b4a001ebbe62b1dcbe81c23f96fbe6f261b75324"},
]

[[package]]
name = "flask-cors"
version = "4.0.2"
summary = "A Flask extension adding a decorator for CORS support"
groups = ["default"]
dependencies = [
    "Flask>=0.9",
]
files = [
    {file = "Flask_Cors-4.0.2-py2.py3-none-any.whl", hash = "sha256:38364faf1a7a5d0a55bd1d2e2f83ee9e359039182f5e6a029557e1f56d92c09a"},
    {file = "flask_cors-4.0.2.tar.gz", hash = "sha256:493b98e2d1e2f1a4720a7af25693ef2fe32fbafec09a2f72c59f3e475eda61d2"},
]

[[package]]
name = "flask-flatpages"
version = "0.8.3"
requires_python = "!=3.0.*,!=3.1.*,!=3.2.*,!=3.3.*,!=3.4.*,!=3.5.*,!=3.6.*,>=2.7"
summary = "Provides flat static pages to a Flask application"
groups = ["default"]
dependencies = [
    "Flask>1.0",
    "Jinja2>=2.10.2",
    "Markdown>=2.5",
    "PyYAML>5.3.1",
    "pytz; python_version == \"2.7\"",
    "six",
]
files = [
    {file = "Flask_FlatPages-0.8.3-py3-none-any.whl", hash = "sha256:1a135c66a68531beaa7257927f0e7314888fd3bd206a27fa14e777db6cba31b5"},
    {file = "flask_flatpages-0.8.3.tar.gz", hash = "sha256:615a33fb526fbd4773ec832ae325b6581361299ad48d70cd35f686315f57a263"},
]

[[package]]
name = "flask-restful"
version = "0.3.10"
summary = "Simple framework for creating REST APIs"
groups = ["default"]
dependencies = [
    "Flask>=0.8",
    "aniso8601>=0.82",
    "pytz",
    "six>=1.3.0",
]
files = [
    {file = "Flask-RESTful-0.3.10.tar.gz", hash = "sha256:fe4af2ef0027df8f9b4f797aba20c5566801b6ade995ac63b588abf1a59cec37"},
    {file = "Flask_RESTful-0.3.10-py2.py3-none-any.whl", hash = "sha256:1cf93c535172f112e080b0d4503a8d15f93a48c88bdd36dd87269bdaf405051b"},
]

[[package]]
name = "flask-testing"
version = "0.8.1"
summary = "Unit testing for Flask"
groups = ["test"]
dependencies = [
    "Flask",
]
files = [
    {file = "Flask-Testing-0.8.1.tar.gz", hash = "sha256:0a734d7b68e63a9410b413cd7b1f96456f9a858bd09a6222d465650cc782eb01"},
]

[[package]]
name = "gunicorn"
version = "23.0.0"
requires_python = ">=3.7"
summary = "WSGI HTTP Server for UNIX"
groups = ["default"]
dependencies = [
    "importlib-metadata; python_version < \"3.8\"",
    "packaging",
]
files = [
    {file = "gunicorn-23.0.0-py3-none-any.whl", hash = "sha256:ec400d38950de4dfd418cff8328b2c8faed0edb0d517d3394e457c317908ca4d"},
    {file = "gunicorn-23.0.0.tar.gz", hash = "sha256:f014447a0101dc57e294f6c18ca6b40227a4c90e9bdb586042628030cba004ec"},
]

[[package]]
name = "iniconfig"
version = "2.1.0"
requires_python = ">=3.8"
summary = "brain-dead simple config-ini parsing"
groups = ["test"]
files = [
    {file = "iniconfig-2.1.0-py3-none-any.whl", hash = "sha256:9deba5723312380e77435581c6bf4935c94cbfab9b1ed33ef8d238ea168eb760"},
    {file = "iniconfig-2.1.0.tar.gz", hash = "sha256:3abbd2e30b36733fee78f9c7f7308f2d0050e88f0087fd25c2645f63c773e1c7"},
]

[[package]]
name = "ipython"
version = "8.35.0"
requires_python = ">=3.10"
summary = "IPython: Productive Interactive Computing"
groups = ["dev"]
dependencies = [
    "colorama; sys_platform == \"win32\"",
    "decorator",
    "exceptiongroup; python_version < \"3.11\"",
    "jedi>=0.16",
    "matplotlib-inline",
    "pexpect>4.3; sys_platform != \"win32\" and sys_platform != \"emscripten\"",
    "prompt-toolkit<3.1.0,>=3.0.41",
    "pygments>=2.4.0",
    "stack-data",
    "traitlets>=5.13.0",
    "typing-extensions>=4.6; python_version < \"3.12\"",
]
files = [
    {file = "ipython-8.35.0-py3-none-any.whl", hash = "sha256:e6b7470468ba6f1f0a7b116bb688a3ece2f13e2f94138e508201fad677a788ba"},
    {file = "ipython-8.35.0.tar.gz", hash = "sha256:d200b7d93c3f5883fc36ab9ce28a18249c7706e51347681f80a0aef9895f2520"},
]

[[package]]
name = "itsdangerous"
version = "2.2.0"
requires_python = ">=3.8"
summary = "Safely pass data to untrusted environments and back."
groups = ["default", "test"]
files = [
    {file = "itsdangerous-2.2.0-py3-none-any.whl", hash = "sha256:c6242fc49e35958c8b15141343aa660db5fc54d4f13a1db01a3f5891b98700ef"},
    {file = "itsdangerous-2.2.0.tar.gz", hash = "sha256:e0050c0b7da1eea53ffaf149c0cfbb5c6e2e2b69c4bef22c81fa6eb73e5f6173"},
]

[[package]]
name = "jedi"
version = "0.19.2"
requires_python = ">=3.6"
summary = "An autocompletion tool for Python that can be used for text editors."
groups = ["dev"]
dependencies = [
    "parso<0.9.0,>=0.8.4",
]
files = [
    {file = "jedi-0.19.2-py2.py3-none-any.whl", hash = "sha256:a8ef22bde8490f57fe5c7681a3c83cb58874daf72b4784de3cce5b6ef6edb5b9"},
    {file = "jedi-0.19.2.tar.gz", hash = "sha256:4770dc3de41bde3966b02eb84fbcf557fb33cce26ad23da12c742fb50ecb11f0"},
]

[[package]]
name = "jinja2"
version = "3.1.6"
requires_python = ">=3.7"
summary = "A very fast and expressive template engine."
groups = ["default", "test"]
dependencies = [
    "MarkupSafe>=2.0",
]
files = [
    {file = "jinja2-3.1.6-py3-none-any.whl", hash = "sha256:85ece4451f492d0c13c5dd7c13a64681a86afae63a5f347908daf103ce6d2f67"},
    {file = "jinja2-3.1.6.tar.gz", hash = "sha256:0137fb05990d35f1275a587e9aee6d56da821fc83491a0fb838183be43f66d6d"},
]

[[package]]
name = "markdown"
version = "3.8"
requires_python = ">=3.9"
summary = "Python implementation of John Gruber's Markdown."
groups = ["default"]
dependencies = [
    "importlib-metadata>=4.4; python_version < \"3.10\"",
]
files = [
    {file = "markdown-3.8-py3-none-any.whl", hash = "sha256:794a929b79c5af141ef5ab0f2f642d0f7b1872981250230e72682346f7cc90dc"},
    {file = "markdown-3.8.tar.gz", hash = "sha256:7df81e63f0df5c4b24b7d156eb81e4690595239b7d70937d0409f1b0de319c6f"},
]

[[package]]
name = "markupsafe"
version = "3.0.2"
requires_python = ">=3.9"
summary = "Safely add untrusted strings to HTML/XML markup."
groups = ["default", "test"]
files = [
    {file = "MarkupSafe-3.0.2-cp310-cp310-macosx_10_9_universal2.whl", hash = "sha256:7e94c425039cde14257288fd61dcfb01963e658efbc0ff54f5306b06054700f8"},
    {file = "MarkupSafe-3.0.2-cp310-cp310-macosx_11_0_arm64.whl", hash = "sha256:9e2d922824181480953426608b81967de705c3cef4d1af983af849d7bd619158"},
    {file = "MarkupSafe-3.0.2-cp310-cp310-manylinux_2_17_aarch64.manylinux2014_aarch64.whl", hash = "sha256:38a9ef736c01fccdd6600705b09dc574584b89bea478200c5fbf112a6b0d5579"},
    {file = "MarkupSafe-3.0.2-cp310-cp310-manylinux_2_17_x86_64.manylinux2014_x86_64.whl", hash = "sha256:bbcb445fa71794da8f178f0f6d66789a28d7319071af7a496d4d507ed566270d"},
    {file = "MarkupSafe-3.0.2-cp310-cp310-manylinux_2_5_i686.manylinux1_i686.manylinux_2_17_i686.manylinux2014_i686.whl", hash = "sha256:57cb5a3cf367aeb1d316576250f65edec5bb3be939e9247ae594b4bcbc317dfb"},
    {file = "MarkupSafe-3.0.2-cp310-cp310-musllinux_1_2_aarch64.whl", hash = "sha256:3809ede931876f5b2ec92eef964286840ed3540dadf803dd570c3b7e13141a3b"},
    {file = "MarkupSafe-3.0.2-cp310-cp310-musllinux_1_2_i686.whl", hash = "sha256:e07c3764494e3776c602c1e78e298937c3315ccc9043ead7e685b7f2b8d47b3c"},
    {file = "MarkupSafe-3.0.2-cp310-cp310-musllinux_1_2_x86_64.whl", hash = "sha256:b424c77b206d63d500bcb69fa55ed8d0e6a3774056bdc4839fc9298a7edca171"},
    {file = "MarkupSafe-3.0.2-cp310-cp310-win32.whl", hash = "sha256:fcabf5ff6eea076f859677f5f0b6b5c1a51e70a376b0579e0eadef8db48c6b50"},
    {file = "MarkupSafe-3.0.2-cp310-cp310-win_amd64.whl", hash = "sha256:6af100e168aa82a50e186c82875a5893c5597a0c1ccdb0d8b40240b1f28b969a"},
    {file = "markupsafe-3.0.2.tar.gz", hash = "sha256:ee55d3edf80167e48ea11a923c7386f4669df67d7994554387f84e7d8b0a2bf0"},
]

[[package]]
name = "matplotlib-inline"
version = "0.1.7"
requires_python = ">=3.8"
summary = "Inline Matplotlib backend for Jupyter"
groups = ["dev"]
dependencies = [
    "traitlets",
]
files = [
    {file = "matplotlib_inline-0.1.7-py3-none-any.whl", hash = "sha256:df192d39a4ff8f21b1895d72e6a13f5fcc5099f00fa84384e0ea28c2cc0653ca"},
    {file = "matplotlib_inline-0.1.7.tar.gz", hash = "sha256:8423b23ec666be3d16e16b60bdd8ac4e86e840ebd1dd11a30b9f117f2fa0ab90"},
]

[[package]]
name = "numpy"
version = "1.26.4"
requires_python = ">=3.9"
summary = "Fundamental package for array computing in Python"
groups = ["default"]
files = [
    {file = "numpy-1.26.4-cp310-cp310-macosx_10_9_x86_64.whl", hash = "sha256:9ff0f4f29c51e2803569d7a51c2304de5554655a60c5d776e35b4a41413830d0"},
    {file = "numpy-1.26.4-cp310-cp310-macosx_11_0_arm64.whl", hash = "sha256:2e4ee3380d6de9c9ec04745830fd9e2eccb3e6cf790d39d7b98ffd19b0dd754a"},
    {file = "numpy-1.26.4-cp310-cp310-manylinux_2_17_aarch64.manylinux2014_aarch64.whl", hash = "sha256:d209d8969599b27ad20994c8e41936ee0964e6da07478d6c35016bc386b66ad4"},
    {file = "numpy-1.26.4-cp310-cp310-manylinux_2_17_x86_64.manylinux2014_x86_64.whl", hash = "sha256:ffa75af20b44f8dba823498024771d5ac50620e6915abac414251bd971b4529f"},
    {file = "numpy-1.26.4-cp310-cp310-musllinux_1_1_aarch64.whl", hash = "sha256:62b8e4b1e28009ef2846b4c7852046736bab361f7aeadeb6a5b89ebec3c7055a"},
    {file = "numpy-1.26.4-cp310-cp310-musllinux_1_1_x86_64.whl", hash = "sha256:a4abb4f9001ad2858e7ac189089c42178fcce737e4169dc61321660f1a96c7d2"},
    {file = "numpy-1.26.4-cp310-cp310-win32.whl", hash = "sha256:bfe25acf8b437eb2a8b2d49d443800a5f18508cd811fea3181723922a8a82b07"},
    {file = "numpy-1.26.4-cp310-cp310-win_amd64.whl", hash = "sha256:b97fe8060236edf3662adfc2c633f56a08ae30560c56310562cb4f95500022d5"},
    {file = "numpy-1.26.4.tar.gz", hash = "sha256:2a02aba9ed12e4ac4eb3ea9421c420301a0c6460d9830d74a9df87efa4912010"},
]

[[package]]
name = "packaging"
version = "25.0"
requires_python = ">=3.8"
summary = "Core utilities for Python packages"
groups = ["default", "test"]
files = [
    {file = "packaging-25.0-py3-none-any.whl", hash = "sha256:29572ef2b1f17581046b3a2227d5c611fb25ec70ca1ba8554b24b0e69331a484"},
    {file = "packaging-25.0.tar.gz", hash = "sha256:d443872c98d677bf60f6a1f2f8c1cb748e8fe762d2bf9d3148b5599295b0fc4f"},
]

[[package]]
name = "parso"
version = "0.8.4"
requires_python = ">=3.6"
summary = "A Python Parser"
groups = ["dev"]
files = [
    {file = "parso-0.8.4-py2.py3-none-any.whl", hash = "sha256:a418670a20291dacd2dddc80c377c5c3791378ee1e8d12bffc35420643d43f18"},
    {file = "parso-0.8.4.tar.gz", hash = "sha256:eb3a7b58240fb99099a345571deecc0f9540ea5f4dd2fe14c2a99d6b281ab92d"},
]

[[package]]
name = "pexpect"
version = "4.9.0"
summary = "Pexpect allows easy control of interactive console applications."
groups = ["dev"]
marker = "sys_platform != \"win32\" and sys_platform != \"emscripten\""
dependencies = [
    "ptyprocess>=0.5",
]
files = [
    {file = "pexpect-4.9.0-py2.py3-none-any.whl", hash = "sha256:7236d1e080e4936be2dc3e326cec0af72acf9212a7e1d060210e70a47e253523"},
    {file = "pexpect-4.9.0.tar.gz", hash = "sha256:ee7d41123f3c9911050ea2c2dac107568dc43b2d3b0c7557a33212c398ead30f"},
]

[[package]]
name = "pluggy"
version = "1.5.0"
requires_python = ">=3.8"
summary = "plugin and hook calling mechanisms for python"
groups = ["test"]
files = [
    {file = "pluggy-1.5.0-py3-none-any.whl", hash = "sha256:44e1ad92c8ca002de6377e165f3e0f1be63266ab4d554740532335b9d75ea669"},
    {file = "pluggy-1.5.0.tar.gz", hash = "sha256:2cffa88e94fdc978c4c574f15f9e59b7f4201d439195c3715ca9e2486f1d0cf1"},
]

[[package]]
name = "prompt-toolkit"
version = "3.0.51"
requires_python = ">=3.8"
summary = "Library for building powerful interactive command lines in Python"
groups = ["dev"]
dependencies = [
    "wcwidth",
]
files = [
    {file = "prompt_toolkit-3.0.51-py3-none-any.whl", hash = "sha256:52742911fde84e2d423e2f9a4cf1de7d7ac4e51958f648d9540e0fb8db077b07"},
    {file = "prompt_toolkit-3.0.51.tar.gz", hash = "sha256:931a162e3b27fc90c86f1b48bb1fb2c528c2761475e57c9c06de13311c7b54ed"},
]

[[package]]
name = "ptyprocess"
version = "0.7.0"
summary = "Run a subprocess in a pseudo terminal"
groups = ["dev"]
marker = "sys_platform != \"win32\" and sys_platform != \"emscripten\""
files = [
    {file = "ptyprocess-0.7.0-py2.py3-none-any.whl", hash = "sha256:4b41f3967fce3af57cc7e94b888626c18bf37a083e3651ca8feeb66d492fef35"},
    {file = "ptyprocess-0.7.0.tar.gz", hash = "sha256:5c5d0a3b48ceee0b48485e0c26037c0acd7d29765ca3fbb5cb3831d347423220"},
]

[[package]]
name = "pure-eval"
version = "0.2.3"
summary = "Safely evaluate AST nodes without side effects"
groups = ["dev"]
files = [
    {file = "pure_eval-0.2.3-py3-none-any.whl", hash = "sha256:1db8e35b67b3d218d818ae653e27f06c3aa420901fa7b081ca98cbedc874e0d0"},
    {file = "pure_eval-0.2.3.tar.gz", hash = "sha256:5f4e983f40564c576c7c8635ae88db5956bb2229d7e9237d03b3c0b0190eaf42"},
]

[[package]]
name = "pygments"
version = "2.19.1"
requires_python = ">=3.8"
summary = "Pygments is a syntax highlighting package written in Python."
groups = ["dev"]
files = [
    {file = "pygments-2.19.1-py3-none-any.whl", hash = "sha256:9ea1544ad55cecf4b8242fab6dd35a93bbce657034b0611ee383099054ab6d8c"},
    {file = "pygments-2.19.1.tar.gz", hash = "sha256:61c16d2a8576dc0649d9f39e089b5f02bcd27fba10d8fb4dcc28173f7a45151f"},
]

[[package]]
name = "pytest"
version = "8.3.5"
requires_python = ">=3.8"
summary = "pytest: simple powerful testing with Python"
groups = ["test"]
dependencies = [
    "colorama; sys_platform == \"win32\"",
    "exceptiongroup>=1.0.0rc8; python_version < \"3.11\"",
    "iniconfig",
    "packaging",
    "pluggy<2,>=1.5",
    "tomli>=1; python_version < \"3.11\"",
]
files = [
    {file = "pytest-8.3.5-py3-none-any.whl", hash = "sha256:c69214aa47deac29fad6c2a4f590b9c4a9fdb16a403176fe154b79c0b4d4d820"},
    {file = "pytest-8.3.5.tar.gz", hash = "sha256:f4efe70cc14e511565ac476b57c279e12a855b11f48f212af1080ef2263d3845"},
]

[[package]]
name = "pytz"
version = "2025.2"
summary = "World timezone definitions, modern and historical"
groups = ["default"]
files = [
    {file = "pytz-2025.2-py2.py3-none-any.whl", hash = "sha256:5ddf76296dd8c44c26eb8f4b6f35488f3ccbf6fbbd7adee0b7262d43f0ec2f00"},
    {file = "pytz-2025.2.tar.gz", hash = "sha256:360b9e3dbb49a209c21ad61809c7fb453643e048b38924c765813546746e81c3"},
]

[[package]]
name = "pyupgrade"
version = "3.19.1"
requires_python = ">=3.9"
summary = "A tool to automatically upgrade syntax for newer versions."
groups = ["dev"]
dependencies = [
    "tokenize-rt>=6.1.0",
]
files = [
    {file = "pyupgrade-3.19.1-py2.py3-none-any.whl", hash = "sha256:8c5b0bfacae5ff30fa136a53eb7f22c34ba007450d4099e9da8089dabb9e67c9"},
    {file = "pyupgrade-3.19.1.tar.gz", hash = "sha256:d10e8c5f54b8327211828769e98d95d95e4715de632a3414f1eef3f51357b9e2"},
]

[[package]]
name = "pyyaml"
version = "6.0.2"
requires_python = ">=3.8"
summary = "YAML parser and emitter for Python"
groups = ["default"]
files = [
    {file = "PyYAML-6.0.2-cp310-cp310-macosx_10_9_x86_64.whl", hash = "sha256:0a9a2848a5b7feac301353437eb7d5957887edbf81d56e903999a75a3d743086"},
    {file = "PyYAML-6.0.2-cp310-cp310-macosx_11_0_arm64.whl", hash = "sha256:29717114e51c84ddfba879543fb232a6ed60086602313ca38cce623c1d62cfbf"},
    {file = "PyYAML-6.0.2-cp310-cp310-manylinux_2_17_aarch64.manylinux2014_aarch64.whl", hash = "sha256:8824b5a04a04a047e72eea5cec3bc266db09e35de6bdfe34c9436ac5ee27d237"},
    {file = "PyYAML-6.0.2-cp310-cp310-manylinux_2_17_s390x.manylinux2014_s390x.whl", hash = "sha256:7c36280e6fb8385e520936c3cb3b8042851904eba0e58d277dca80a5cfed590b"},
    {file = "PyYAML-6.0.2-cp310-cp310-manylinux_2_17_x86_64.manylinux2014_x86_64.whl", hash = "sha256:ec031d5d2feb36d1d1a24380e4db6d43695f3748343d99434e6f5f9156aaa2ed"},
    {file = "PyYAML-6.0.2-cp310-cp310-musllinux_1_1_aarch64.whl", hash = "sha256:936d68689298c36b53b29f23c6dbb74de12b4ac12ca6cfe0e047bedceea56180"},
    {file = "PyYAML-6.0.2-cp310-cp310-musllinux_1_1_x86_64.whl", hash = "sha256:23502f431948090f597378482b4812b0caae32c22213aecf3b55325e049a6c68"},
    {file = "PyYAML-6.0.2-cp310-cp310-win32.whl", hash = "sha256:2e99c6826ffa974fe6e27cdb5ed0021786b03fc98e5ee3c5bfe1fd5015f42b99"},
    {file = "PyYAML-6.0.2-cp310-cp310-win_amd64.whl", hash = "sha256:a4d3091415f010369ae4ed1fc6b79def9416358877534caf6a0fdd2146c87a3e"},
    {file = "pyyaml-6.0.2.tar.gz", hash = "sha256:d584d9ec91ad65861cc08d42e834324ef890a082e591037abe114850ff7bbc3e"},
]

[[package]]
name = "scipy"
version = "1.12.0"
requires_python = ">=3.9"
summary = "Fundamental algorithms for scientific computing in Python"
groups = ["default"]
dependencies = [
    "numpy<1.29.0,>=1.22.4",
]
files = [
    {file = "scipy-1.12.0-cp310-cp310-macosx_10_9_x86_64.whl", hash = "sha256:78e4402e140879387187f7f25d91cc592b3501a2e51dfb320f48dfb73565f10b"},
    {file = "scipy-1.12.0-cp310-cp310-macosx_12_0_arm64.whl", hash = "sha256:f5f00ebaf8de24d14b8449981a2842d404152774c1a1d880c901bf454cb8e2a1"},
    {file = "scipy-1.12.0-cp310-cp310-manylinux_2_17_aarch64.manylinux2014_aarch64.whl", hash = "sha256:e53958531a7c695ff66c2e7bb7b79560ffdc562e2051644c5576c39ff8efb563"},
    {file = "scipy-1.12.0-cp310-cp310-manylinux_2_17_x86_64.manylinux2014_x86_64.whl", hash = "sha256:5e32847e08da8d895ce09d108a494d9eb78974cf6de23063f93306a3e419960c"},
    {file = "scipy-1.12.0-cp310-cp310-musllinux_1_1_x86_64.whl", hash = "sha256:4c1020cad92772bf44b8e4cdabc1df5d87376cb219742549ef69fc9fd86282dd"},
    {file = "scipy-1.12.0-cp310-cp310-win_amd64.whl", hash = "sha256:75ea2a144096b5e39402e2ff53a36fecfd3b960d786b7efd3c180e29c39e53f2"},
    {file = "scipy-1.12.0.tar.gz", hash = "sha256:4bf5abab8a36d20193c698b0f1fc282c1d083c94723902c447e5d2f1780936a3"},
]

[[package]]
name = "six"
version = "1.17.0"
requires_python = "!=3.0.*,!=3.1.*,!=3.2.*,>=2.7"
summary = "Python 2 and 3 compatibility utilities"
groups = ["default"]
files = [
    {file = "six-1.17.0-py2.py3-none-any.whl", hash = "sha256:4721f391ed90541fddacab5acf947aa0d3dc7d27b2e1e8eda2be8970586c3274"},
    {file = "six-1.17.0.tar.gz", hash = "sha256:ff70335d468e7eb6ec65b95b99d3a2836546063f63acc5171de367e834932a81"},
]

[[package]]
name = "soupsieve"
version = "2.7"
requires_python = ">=3.8"
summary = "A modern CSS selector implementation for Beautiful Soup."
groups = ["default"]
marker = "python_version >= \"3.0\""
files = [
    {file = "soupsieve-2.7-py3-none-any.whl", hash = "sha256:6e60cc5c1ffaf1cebcc12e8188320b72071e922c2e897f737cadce79ad5d30c4"},
    {file = "soupsieve-2.7.tar.gz", hash = "sha256:ad282f9b6926286d2ead4750552c8a6142bc4c783fd66b0293547c8fe6ae126a"},
]

[[package]]
name = "stack-data"
version = "0.6.3"
summary = "Extract data from python stack frames and tracebacks for informative displays"
groups = ["dev"]
dependencies = [
    "asttokens>=2.1.0",
    "executing>=1.2.0",
    "pure-eval",
]
files = [
    {file = "stack_data-0.6.3-py3-none-any.whl", hash = "sha256:d5558e0c25a4cb0853cddad3d77da9891a08cb85dd9f9f91b9f8cd66e511e695"},
    {file = "stack_data-0.6.3.tar.gz", hash = "sha256:836a778de4fec4dcd1dcd89ed8abff8a221f58308462e1c4aa2a3cf30148f0b9"},
]

[[package]]
name = "tokenize-rt"
version = "6.1.0"
requires_python = ">=3.9"
summary = "A wrapper around the stdlib `tokenize` which roundtrips."
groups = ["dev"]
files = [
    {file = "tokenize_rt-6.1.0-py2.py3-none-any.whl", hash = "sha256:d706141cdec4aa5f358945abe36b911b8cbdc844545da99e811250c0cee9b6fc"},
    {file = "tokenize_rt-6.1.0.tar.gz", hash = "sha256:e8ee836616c0877ab7c7b54776d2fefcc3bde714449a206762425ae114b53c86"},
]

[[package]]
name = "tomli"
version = "2.2.1"
requires_python = ">=3.8"
summary = "A lil' TOML parser"
groups = ["test"]
marker = "python_version < \"3.11\""
files = [
    {file = "tomli-2.2.1-py3-none-any.whl", hash = "sha256:cb55c73c5f4408779d0cf3eef9f762b9c9f147a77de7b258bef0a5628adc85cc"},
    {file = "tomli-2.2.1.tar.gz", hash = "sha256:cd45e1dc79c835ce60f7404ec8119f2eb06d38b1deba146f07ced3bbc44505ff"},
]

[[package]]
name = "traitlets"
version = "5.14.3"
requires_python = ">=3.8"
summary = "Traitlets Python configuration system"
groups = ["dev"]
files = [
    {file = "traitlets-5.14.3-py3-none-any.whl", hash = "sha256:b74e89e397b1ed28cc831db7aea759ba6640cb3de13090ca145426688ff1ac4f"},
    {file = "traitlets-5.14.3.tar.gz", hash = "sha256:9ed0579d3502c94b4b3732ac120375cda96f923114522847de4b3bb98b96b6b7"},
]

[[package]]
name = "typing-extensions"
version = "4.13.2"
requires_python = ">=3.8"
summary = "Backported and Experimental Type Hints for Python 3.8+"
groups = ["dev"]
marker = "python_version < \"3.12\""
files = [
    {file = "typing_extensions-4.13.2-py3-none-any.whl", hash = "sha256:a439e7c04b49fec3e5d3e2beaa21755cadbbdc391694e28ccdd36ca4a1408f8c"},
    {file = "typing_extensions-4.13.2.tar.gz", hash = "sha256:e6c81219bd689f51865d9e372991c540bda33a0379d5573cddb9a3a23f7caaef"},
]

[[package]]
name = "unidecode"
version = "0.04.14"
summary = "ASCII transliterations of Unicode text"
groups = ["default"]
files = [
    {file = "Unidecode-0.04.14.tar.gz", hash = "sha256:a66f8a527ee0709742caa16745cc882b85d6cfc12b37fa2f56024d07031f230c"},
]

[[package]]
name = "wcwidth"
version = "0.2.13"
summary = "Measures the displayed width of unicode strings in a terminal"
groups = ["dev"]
dependencies = [
    "backports-functools-lru-cache>=1.2.1; python_version < \"3.2\"",
]
files = [
    {file = "wcwidth-0.2.13-py2.py3-none-any.whl", hash = "sha256:3da69048e4540d84af32131829ff948f1e022c1c6bdb8d6102117aac784f6859"},
    {file = "wcwidth-0.2.13.tar.gz", hash = "sha256:72ea0c06399eb286d978fdedb6923a9eb47e1c486ce63e9b4e64fc18303972b5"},
]

[[package]]
name = "webassets"
version = "2.0"
summary = "Media asset management for Python, with glue code for various web frameworks"
groups = ["default"]
files = [
    {file = "webassets-2.0-py3-none-any.whl", hash = "sha256:a31a55147752ba1b3dc07dee0ad8c8efff274464e08bbdb88c1fd59ffd552724"},
    {file = "webassets-2.0.tar.gz", hash = "sha256:167132337677c8cedc9705090f6d48da3fb262c8e0b2773b29f3352f050181cd"},
]

[[package]]
name = "werkzeug"
version = "3.1.3"
requires_python = ">=3.9"
summary = "The comprehensive WSGI web application library."
groups = ["default", "test"]
dependencies = [
    "MarkupSafe>=2.1.1",
]
files = [
    {file = "werkzeug-3.1.3-py3-none-any.whl", hash = "sha256:54b78bf3716d19a65be4fceccc0d1d7b89e608834989dfae50ea87564639213e"},
    {file = "werkzeug-3.1.3.tar.gz", hash = "sha256:60723ce945c19328679790e3282cc758aa4a6040e4bb330f53d30fa546d44746"},
]
