lockfileVersion: 5.3

specifiers:
  angular: 1.7.9
  angular-animate: 1.7.9
  angular-aria: 1.7.9
  angular-growl-v2: github:Jacq/angular-growl-2
  angular-messages: 1.7.9
  angular-resource: 1.7.9
  angular-route: 1.7.9
  angular-sanitize: 1.7.9
  angular-spinner: 0.6.2
  angular-touch: 1.7.9
  coffeelint: ^2.1.0
  coffeescript: ^2.5.1
  d3: 3.5.17
  es5-shim: 4.5.15
  foundation-sites: 5.5.3
  graceful-fs: ^4.2.6
  humanize-plus: 1.5.0
  jquery: 2.1.4
  js-cookie: ^2.2.1
  less: ^4.1.1
  lodash: ^4.17.21
  minimatch: ^3.0.4
  mkdirp: ^1.0.4
  modernizr: ^3.11.6
  papaparse: ^5.2.0
  ramda: 0.8.0
  sass: ^1.32.8
  soundex-code: 0.1.2
  spin.js: 2.0.1
  tinycolor2: 1.1.2
  uglify-js: ^3.13.2

dependencies:
  angular: 1.7.9
  angular-animate: 1.7.9
  angular-aria: 1.7.9
  angular-growl-v2: github.com/Jacq/angular-growl-2/8ef35967afa04e179050fb169072f51cbf6cf312
  angular-messages: 1.7.9
  angular-resource: 1.7.9
  angular-route: 1.7.9
  angular-sanitize: 1.7.9
  angular-spinner: 0.6.2
  angular-touch: 1.7.9
  coffeescript: 2.5.1
  d3: 3.5.17
  es5-shim: 4.5.15
  foundation-sites: 5.5.3
  graceful-fs: 4.2.6
  humanize-plus: 1.5.0
  jquery: 2.1.4
  js-cookie: 2.2.1
  less: 4.1.1
  lodash: 4.17.21
  minimatch: 3.0.4
  mkdirp: 1.0.4
  modernizr: 3.11.6
  papaparse: 5.3.0
  ramda: 0.8.0
  sass: 1.32.11
  soundex-code: 0.1.2
  spin.js: 2.0.1
  tinycolor2: 1.1.2
  uglify-js: 3.13.3

devDependencies:
  coffeelint: 2.1.0

packages:

  /angular-animate/1.7.9:
    resolution: {integrity: sha512-fV+AISy/HTzurQH2ngsJg+lLIvfu0ahc1h4AYKauaXVw97rZc2k4iUA1bMstiEyClsdayQX568kjQc1NK+oYhw==}
    dev: false

  /angular-aria/1.7.9:
    resolution: {integrity: sha512-luI3Jemd1AbOQW0krdzfEG3fM0IFtLY0bSSqIDEx3POE0XjKIC1MkrO8Csyq9PPgueLphyAPofzUwZ8YeZ88SA==}
    dev: false

  /angular-messages/1.7.9:
    resolution: {integrity: sha512-OdJihuO6AW+m1/r9OdW5riCwacn3dL1agQvgu6Cww3a7OARXXN0vxOpsZCNk4yg4CuD7Et3tiz4DymhvZkydvw==}
    dev: false

  /angular-resource/1.7.9:
    resolution: {integrity: sha512-rXXhCE2qT31Pn4Sl+2XL+ntv4zxnA2OzY+clCl8/pOp/s/gIzxpQlEtXipo3QK8Qur3glbIkeF/bJw+gjVAdUw==}
    dev: false

  /angular-route/1.7.9:
    resolution: {integrity: sha512-vRoj5hzdQtWbODhWJqDzD1iNOEfCKshO6GFBuPVV7RHlPjzIc4R2dHCc7Qiv/8F3LDxJDohc6vSnTDMLHuaqeA==}
    dev: false

  /angular-sanitize/1.7.9:
    resolution: {integrity: sha512-nB/xe7JQWF9nLvhHommAICQ3eWrfRETo0EVGFESi952CDzDa+GAJ/2BFBNw44QqQPxj1Xua/uYKrbLsOGWZdbQ==}
    dev: false

  /angular-spinner/0.6.2:
    resolution: {integrity: sha1-hBn8glDUcp2OM/uS9zlMk7ZK9Ls=}
    engines: {node: '>=0.10.0'}
    dev: false

  /angular-touch/1.7.9:
    resolution: {integrity: sha512-qNKWUnecfah4mZxG7GM96AemhXyOVcE03kg3SrWExfmyO/hQNPE50Qqyszb+1UE8GO7WiWOYn1Y5wn9CtOInqA==}
    dev: false

  /angular/1.7.9:
    resolution: {integrity: sha512-5se7ZpcOtu0MBFlzGv5dsM1quQDoDeUTwZrWjGtTNA7O88cD8TEk5IEKCTDa3uECV9XnvKREVUr7du1ACiWGFQ==}
    dev: false

  /ansi-regex/5.0.0:
    resolution: {integrity: sha512-bY6fj56OUQ0hU1KjFNDQuJFezqKdrAyFdIevADiqrWHwSlbmBNMHp5ak2f40Pm8JTFyM2mqxkG6ngkHO11f/lg==}
    engines: {node: '>=8'}
    dev: false

  /ansi-styles/4.3.0:
    resolution: {integrity: sha512-zbB9rCJAT1rbjiVDb2hqKFHNYLxgtk8NURxZ3IZwD3F6NtxbXZQCnnSi1Lkx+IDohdPlFp222wVALIheZJQSEg==}
    engines: {node: '>=8'}
    dependencies:
      color-convert: 2.0.1
    dev: false

  /anymatch/3.1.2:
    resolution: {integrity: sha512-P43ePfOAIupkguHUycrc4qJ9kz8ZiuOUijaETwX7THt0Y/GNK7v0aa8rY816xWjZ7rJdA5XdMcpVFTKMq+RvWg==}
    engines: {node: '>= 8'}
    dependencies:
      normalize-path: 3.0.0
      picomatch: 2.2.3
    dev: false

  /argparse/1.0.10:
    resolution: {integrity: sha512-o5Roy6tNG4SL/FOkCAN6RzjiakZS25RLYFrcMttJqbdd8BWrnA+fGz57iN5Pb06pvBGvl5gQ0B48dJlslXvoTg==}
    dependencies:
      sprintf-js: 1.0.3
    dev: false

  /balanced-match/1.0.0:
    resolution: {integrity: sha1-ibTRmasr7kneFk6gK4nORi1xt2c=}

  /binary-extensions/2.2.0:
    resolution: {integrity: sha512-jDctJ/IVQbZoJykoeHbhXpOlNBqGNcwXJKJog42E5HDPUwQTSdjCHdihjj0DlnheQ7blbT6dHOafNAiS8ooQKA==}
    engines: {node: '>=8'}
    dev: false

  /brace-expansion/1.1.11:
    resolution: {integrity: sha512-iCuPHDFgrHX7H2vEI/5xpz07zSHB00TpugqhmYtVmMO6518mCuRMoOYFldEBl0g187ufozdaHgWKcYFb61qGiA==}
    dependencies:
      balanced-match: 1.0.0
      concat-map: 0.0.1

  /braces/3.0.2:
    resolution: {integrity: sha512-b8um+L1RzM3WDSzvhm6gIz1yfTbBt6YTlcEKAvsmqCZZFw46z626lVj9j1yEPW33H5H+lBQpZMP1k8l+78Ha0A==}
    engines: {node: '>=8'}
    dependencies:
      fill-range: 7.0.1
    dev: false

  /camelcase/5.3.1:
    resolution: {integrity: sha512-L28STB170nwWS63UjtlEOE3dldQApaJXZkOI1uMFfzf3rRuPegHaHesyee+YxQ+W6SvRDQV6UrdOdRiR153wJg==}
    engines: {node: '>=6'}
    dev: false

  /chokidar/3.5.1:
    resolution: {integrity: sha512-9+s+Od+W0VJJzawDma/gvBNQqkTiqYTWLuZoyAsivsI4AaWTCzHG06/TMjsf1cYe9Cb97UCEhjz7HvnPk2p/tw==}
    engines: {node: '>= 8.10.0'}
    dependencies:
      anymatch: 3.1.2
      braces: 3.0.2
      glob-parent: 5.1.2
      is-binary-path: 2.1.0
      is-glob: 4.0.1
      normalize-path: 3.0.0
      readdirp: 3.5.0
    optionalDependencies:
      fsevents: 2.3.2
    dev: false

  /cliui/6.0.0:
    resolution: {integrity: sha512-t6wbgtoCXvAzst7QgXxJYqPt0usEfbgQdftEPbLL/cvv6HPE5VgvqCuAIDR0NgU52ds6rFwqrgakNLrHEjCbrQ==}
    dependencies:
      string-width: 4.2.2
      strip-ansi: 6.0.0
      wrap-ansi: 6.2.0
    dev: false

  /coffeelint/2.1.0:
    resolution: {integrity: sha1-r2XfNjTpmdmsAUgHNsNtPNL12tg=}
    engines: {node: '>=6.9.1', npm: '>=1.3.7'}
    hasBin: true
    dependencies:
      coffeescript: 2.5.1
      glob: 7.1.7
      ignore: 3.3.10
      optimist: 0.6.1
      resolve: 0.6.3
      strip-json-comments: 1.0.4
    dev: true

  /coffeescript/2.5.1:
    resolution: {integrity: sha512-J2jRPX0eeFh5VKyVnoLrfVFgLZtnnmp96WQSLAS8OrLm2wtQLcnikYKe1gViJKDH7vucjuhHvBKKBP3rKcD1tQ==}
    engines: {node: '>=6'}
    hasBin: true

  /color-convert/2.0.1:
    resolution: {integrity: sha512-RRECPsj7iu/xb5oKYcsFHSppFNnsj/52OVTRKb4zP5onXwVF3zVmmToNcOfGC+CRDpfK/U584fMg38ZHCaElKQ==}
    engines: {node: '>=7.0.0'}
    dependencies:
      color-name: 1.1.4
    dev: false

  /color-name/1.1.4:
    resolution: {integrity: sha512-dOy+3AuW3a2wNbZHIuMZpTcgjGuLU/uBL/ubcZF9OXbDo8ff4O8yVp5Bf0efS8uEoYo5q4Fx7dY9OgQGXgAsQA==}
    dev: false

  /concat-map/0.0.1:
    resolution: {integrity: sha1-2Klr13/Wjfd5OnMDajug1UBdR3s=}

  /copy-anything/2.0.3:
    resolution: {integrity: sha512-GK6QUtisv4fNS+XcI7shX0Gx9ORg7QqIznyfho79JTnX1XhLiyZHfftvGiziqzRiEi/Bjhgpi+D2o7HxJFPnDQ==}
    dependencies:
      is-what: 3.14.1
    dev: false

  /d3/3.5.17:
    resolution: {integrity: sha1-vEZ0gAQ3iyGjYMn8fPUjF5B2L7g=}
    dev: false

  /debug/3.2.7:
    resolution: {integrity: sha512-CFjzYYAi4ThfiQvizrFQevTTXHtnCqWfe7x1AhgEscTz6ZbLbfoLRLPugTQyBth6f8ZERVUSyWHFD/7Wu4t1XQ==}
    dependencies:
      ms: 2.1.3
    dev: false
    optional: true

  /decamelize/1.2.0:
    resolution: {integrity: sha1-9lNNFRSCabIDUue+4m9QH5oZEpA=}
    engines: {node: '>=0.10.0'}
    dev: false

  /doctrine/3.0.0:
    resolution: {integrity: sha512-yS+Q5i3hBf7GBkd4KG8a7eBNNWNGLTaEwwYWUijIYM7zrlYDM0BFXHjjPWlWZ1Rg7UaddZeIDmi9jF3HmqiQ2w==}
    engines: {node: '>=6.0.0'}
    dependencies:
      esutils: 2.0.3
    dev: false

  /emoji-regex/8.0.0:
    resolution: {integrity: sha512-MSjYzcWNOA0ewAHpz0MxpYFvwg6yjy1NG3xteoqz644VCo/RPgnr1/GGt+ic3iJTzQ8Eu3TdM14SawnVUmGE6A==}
    dev: false

  /entities/2.0.3:
    resolution: {integrity: sha512-MyoZ0jgnLvB2X3Lg5HqpFmn1kybDiIfEQmKzTb5apr51Rb+T3KdmMiqa70T+bhGnyv7bQ6WMj2QMHpGMmlrUYQ==}
    dev: false

  /errno/0.1.8:
    resolution: {integrity: sha512-dJ6oBr5SQ1VSd9qkk7ByRgb/1SH4JZjCHSW/mr63/QcXO9zLVxvJ6Oy13nio03rxpSnVDDjFor75SjVeZWPW/A==}
    hasBin: true
    dependencies:
      prr: 1.0.1
    dev: false
    optional: true

  /es5-shim/4.5.15:
    resolution: {integrity: sha512-FYpuxEjMeDvU4rulKqFdukQyZSTpzhg4ScQHrAosrlVpR6GFyaw14f74yn2+4BugniIS0Frpg7TvwZocU4ZMTw==}
    engines: {node: '>=0.4.0'}
    dev: false

  /esutils/2.0.3:
    resolution: {integrity: sha512-kVscqXk4OCp68SZ0dkgEKVi6/8ij300KBWTJq32P/dYeWTSwK41WyTxalN1eRmA5Z9UU/LX9D7FWSmV9SAYx6g==}
    engines: {node: '>=0.10.0'}
    dev: false

  /file/0.2.2:
    resolution: {integrity: sha1-w9/Y+M81Na5FXCtCPC5SY112tNM=}
    dev: false

  /fill-range/7.0.1:
    resolution: {integrity: sha512-qOo9F+dMUmC2Lcb4BbVvnKJxTPjCm+RRpe4gDuGrzkL7mEVl/djYSu2OdQ2Pa302N4oqkSg9ir6jaLWJ2USVpQ==}
    engines: {node: '>=8'}
    dependencies:
      to-regex-range: 5.0.1
    dev: false

  /find-up/4.1.0:
    resolution: {integrity: sha512-PpOwAdQ/YlXQ2vj8a3h8IipDuYRi3wceVQQGYWxNINccq40Anw7BlsEXCMbt1Zt+OLA6Fq9suIpIWD0OsnISlw==}
    engines: {node: '>=8'}
    dependencies:
      locate-path: 5.0.0
      path-exists: 4.0.0
    dev: false

  /foundation-sites/5.5.3:
    resolution: {integrity: sha1-ZVbrKzHN47ImYwEWvSFdldBWwKc=}
    dev: false

  /fs.realpath/1.0.0:
    resolution: {integrity: sha1-FQStJSMVjKpA20onh8sBQRmU6k8=}
    dev: true

  /fsevents/2.3.2:
    resolution: {integrity: sha512-xiqMQR4xAeHTuB9uWm+fFRcIOgKBMiOBP+eXiyT7jsgVCq1bkVygt00oASowB7EdtpOHaaPgKt812P9ab+DDKA==}
    engines: {node: ^8.16.0 || ^10.6.0 || >=11.0.0}
    os: [darwin]
    dev: false
    optional: true

  /get-caller-file/2.0.5:
    resolution: {integrity: sha512-DyFP3BM/3YHTQOCUL/w0OZHR0lpKeGrxotcHWcqNEdnltqFwXVfhEBQ94eIo34AfQpo0rGki4cyIiftY06h2Fg==}
    engines: {node: 6.* || 8.* || >= 10.*}
    dev: false

  /glob-parent/5.1.2:
    resolution: {integrity: sha512-AOIgSQCepiJYwP3ARnGx+5VnTu2HBYdzbGP45eLw1vr3zB3vZLeyed1sC9hnbcOc9/SrMyM5RPQrkGz4aS9Zow==}
    engines: {node: '>= 6'}
    dependencies:
      is-glob: 4.0.1
    dev: false

  /glob/7.1.7:
    resolution: {integrity: sha512-OvD9ENzPLbegENnYP5UUfJIirTg4+XwMWGaQfQTY0JenxNvvIKP3U3/tAQSPIu/lHxXYSZmpXlUHeqAIdKzBLQ==}
    dependencies:
      fs.realpath: 1.0.0
      inflight: 1.0.6
      inherits: 2.0.4
      minimatch: 3.0.4
      once: 1.4.0
      path-is-absolute: 1.0.1
    dev: true

  /graceful-fs/4.2.6:
    resolution: {integrity: sha512-nTnJ528pbqxYanhpDYsi4Rd8MAeaBA67+RZ10CM1m3bTAVFEDcd5AuA4a6W5YkGZ1iNXHzZz8T6TBKLeBuNriQ==}
    dev: false

  /humanize-plus/1.5.0:
    resolution: {integrity: sha1-ROntRXesClD0pJKt3kI9qSf/Xak=}
    engines: {node: '>= 0.8.0'}
    dev: false

  /iconv-lite/0.4.24:
    resolution: {integrity: sha512-v3MXnZAcvnywkTUEZomIActle7RXXeedOR31wwl7VlyoXO4Qi9arvSenNQWne1TcRwhCL1HwLI21bEqdpj8/rA==}
    engines: {node: '>=0.10.0'}
    dependencies:
      safer-buffer: 2.1.2
    dev: false
    optional: true

  /ignore/3.3.10:
    resolution: {integrity: sha512-Pgs951kaMm5GXP7MOvxERINe3gsaVjUWFm+UZPSq9xYriQAksyhg0csnS0KXSNRD5NmNdapXEpjxG49+AKh/ug==}
    dev: true

  /image-size/0.5.5:
    resolution: {integrity: sha1-Cd/Uq50g4p6xw+gLiZA3jfnjy5w=}
    engines: {node: '>=0.10.0'}
    hasBin: true
    dev: false
    optional: true

  /inflight/1.0.6:
    resolution: {integrity: sha1-Sb1jMdfQLQwJvJEKEHW6gWW1bfk=}
    dependencies:
      once: 1.4.0
      wrappy: 1.0.2
    dev: true

  /inherits/2.0.4:
    resolution: {integrity: sha512-k/vGaX4/Yla3WzyMCvTQOXYeIHvqOKtnqBduzTHpzpQZzAskKMhZ2K+EnBiSM9zGSoIFeMpXKxa4dYeZIQqewQ==}
    dev: true

  /is-binary-path/2.1.0:
    resolution: {integrity: sha512-ZMERYes6pDydyuGidse7OsHxtbI7WVeUEozgR/g7rd0xUimYNlvZRE/K2MgZTjWy725IfelLeVcEM97mmtRGXw==}
    engines: {node: '>=8'}
    dependencies:
      binary-extensions: 2.2.0
    dev: false

  /is-extglob/2.1.1:
    resolution: {integrity: sha1-qIwCU1eR8C7TfHahueqXc8gz+MI=}
    engines: {node: '>=0.10.0'}
    dev: false

  /is-fullwidth-code-point/3.0.0:
    resolution: {integrity: sha512-zymm5+u+sCsSWyD9qNaejV3DFvhCKclKdizYaJUuHA83RLjb7nSuGnddCHGv0hk+KY7BMAlsWeK4Ueg6EV6XQg==}
    engines: {node: '>=8'}
    dev: false

  /is-glob/4.0.1:
    resolution: {integrity: sha512-5G0tKtBTFImOqDnLB2hG6Bp2qcKEFduo4tZu9MT/H6NQv/ghhy30o55ufafxJ/LdH79LLs2Kfrn85TLKyA7BUg==}
    engines: {node: '>=0.10.0'}
    dependencies:
      is-extglob: 2.1.1
    dev: false

  /is-number/7.0.0:
    resolution: {integrity: sha512-41Cifkg6e8TylSpdtTpeLVMqvSBEVzTttHvERD741+pnZ8ANv0004MRL43QKPDlK9cGvNp6NZWZUBlbGXYxxng==}
    engines: {node: '>=0.12.0'}
    dev: false

  /is-what/3.14.1:
    resolution: {integrity: sha512-sNxgpk9793nzSs7bA6JQJGeIuRBQhAaNGG77kzYQgMkrID+lS6SlK07K5LaptscDlSaIgH+GPFzf+d75FVxozA==}
    dev: false

  /jquery/2.1.4:
    resolution: {integrity: sha1-IoveaYoMYUMdwmMKahVPFYkNIxc=}
    dev: false

  /js-cookie/2.2.1:
    resolution: {integrity: sha512-HvdH2LzI/EAZcUwA8+0nKNtWHqS+ZmijLA30RwZA0bo7ToCckjK5MkGhjED9KoRcXO6BaGI3I9UIzSA1FKFPOQ==}
    dev: false

  /less/4.1.1:
    resolution: {integrity: sha512-w09o8tZFPThBscl5d0Ggp3RcrKIouBoQscnOMgFH3n5V3kN/CXGHNfCkRPtxJk6nKryDXaV9aHLK55RXuH4sAw==}
    engines: {node: '>=6'}
    hasBin: true
    dependencies:
      copy-anything: 2.0.3
      parse-node-version: 1.0.1
      tslib: 1.14.1
    optionalDependencies:
      errno: 0.1.8
      graceful-fs: 4.2.6
      image-size: 0.5.5
      make-dir: 2.1.0
      mime: 1.6.0
      needle: 2.6.0
      source-map: 0.6.1
    dev: false

  /linkify-it/2.2.0:
    resolution: {integrity: sha512-GnAl/knGn+i1U/wjBz3akz2stz+HrHLsxMwHQGofCDfPvlf+gDKN58UtfmUquTY4/MXeE2x7k19KQmeoZi94Iw==}
    dependencies:
      uc.micro: 1.0.6
    dev: false

  /locate-path/5.0.0:
    resolution: {integrity: sha512-t7hw9pI+WvuwNJXwk5zVHpyhIqzg2qTlklJOf0mVxGSbe3Fp2VieZcduNYjaLDoy6p9uGpQEGWG87WpMKlNq8g==}
    engines: {node: '>=8'}
    dependencies:
      p-locate: 4.1.0
    dev: false

  /lodash/4.17.21:
    resolution: {integrity: sha512-v2kDEe57lecTulaDIuNTPy3Ry4gLGJ6Z1O3vE1krgXZNrsQ+LFTGHVxVjcXPs17LhbZVGedAJv8XZ1tvj5FvSg==}
    dev: false

  /make-dir/2.1.0:
    resolution: {integrity: sha512-LS9X+dc8KLxXCb8dni79fLIIUA5VyZoyjSMCwTluaXA0o27cCK0bhXkpgw+sTXVpPy/lSO57ilRixqk0vDmtRA==}
    engines: {node: '>=6'}
    dependencies:
      pify: 4.0.1
      semver: 5.7.1
    dev: false
    optional: true

  /markdown-it/10.0.0:
    resolution: {integrity: sha512-YWOP1j7UbDNz+TumYP1kpwnP0aEa711cJjrAQrzd0UXlbJfc5aAq0F/PZHjiioqDC1NKgvIMX+o+9Bk7yuM2dg==}
    hasBin: true
    dependencies:
      argparse: 1.0.10
      entities: 2.0.3
      linkify-it: 2.2.0
      mdurl: 1.0.1
      uc.micro: 1.0.6
    dev: false

  /mdurl/1.0.1:
    resolution: {integrity: sha1-/oWy7HWlkDfyrf7BAP1sYBdhFS4=}
    dev: false

  /mime/1.6.0:
    resolution: {integrity: sha512-x0Vn8spI+wuJ1O6S7gnbaQg8Pxh4NNHb7KSINmEWKiPE4RKOplvijn+NkmYmmRgP68mc70j2EbeTFRsrswaQeg==}
    engines: {node: '>=4'}
    hasBin: true
    dev: false
    optional: true

  /minimatch/3.0.4:
    resolution: {integrity: sha512-yJHVQEhyqPLUTgt9B83PXu6W3rx4MvvHvSUvToogpwoGDOUQ+yDrR0HRot+yOCdCO7u4hX3pWft6kWBBcqh0UA==}
    dependencies:
      brace-expansion: 1.1.11

  /minimist/0.0.10:
    resolution: {integrity: sha1-3j+YVD2/lggr5IrRoMfNqDYwHc8=}
    dev: true

  /minimist/1.2.5:
    resolution: {integrity: sha512-FM9nNUYrRBAELZQT3xeZQ7fmMOBg6nWNmJKTcgsJeaLstP/UODVpGsr5OhXhhXg6f+qtJ8uiZ+PUxkDWcgIXLw==}
    dev: false

  /mkdirp/0.5.5:
    resolution: {integrity: sha512-NKmAlESf6jMGym1++R0Ra7wvhV+wFW63FaSOFPwRahvea0gMUcGUhVeAg/0BC0wiv9ih5NYPB1Wn1UEI1/L+xQ==}
    hasBin: true
    dependencies:
      minimist: 1.2.5
    dev: false

  /mkdirp/1.0.4:
    resolution: {integrity: sha512-vVqVZQyf3WLx2Shd0qJ9xuvqgAyKPLAiqITEtqW0oIUjzo3PePDd6fW9iFz30ef7Ysp/oiWqbhszeGWW2T6Gzw==}
    engines: {node: '>=10'}
    hasBin: true
    dev: false

  /modernizr/3.11.6:
    resolution: {integrity: sha512-tDgC8hrXPL5IMqziT+jWohYtXb6LPDFrNRqal0xIoEz4ko1E3/DLO5fjauFHREm6Zw4EKX92qt3m072IKEkqzQ==}
    hasBin: true
    dependencies:
      doctrine: 3.0.0
      file: 0.2.2
      lodash: 4.17.21
      markdown-it: 10.0.0
      mkdirp: 0.5.5
      requirejs: 2.3.6
      yargs: 15.4.1
    dev: false

  /ms/2.1.3:
    resolution: {integrity: sha512-6FlzubTLZG3J2a/NVCAleEhjzq5oxgHyaCU9yYXvcLsvoVaHJq/s5xXI6/XXP6tz7R9xAOtHnSO/tXtF3WRTlA==}
    dev: false
    optional: true

  /needle/2.6.0:
    resolution: {integrity: sha512-KKYdza4heMsEfSWD7VPUIz3zX2XDwOyX2d+geb4vrERZMT5RMU6ujjaD+I5Yr54uZxQ2w6XRTAhHBbSCyovZBg==}
    engines: {node: '>= 4.4.x'}
    hasBin: true
    dependencies:
      debug: 3.2.7
      iconv-lite: 0.4.24
      sax: 1.2.4
    dev: false
    optional: true

  /normalize-path/3.0.0:
    resolution: {integrity: sha512-6eZs5Ls3WtCisHWp9S2GUy8dqkpGi4BVSz3GaqiE6ezub0512ESztXUwUB6C6IKbQkY2Pnb/mD4WYojCRwcwLA==}
    engines: {node: '>=0.10.0'}
    dev: false

  /once/1.4.0:
    resolution: {integrity: sha1-WDsap3WWHUsROsF9nFC6753Xa9E=}
    dependencies:
      wrappy: 1.0.2
    dev: true

  /optimist/0.6.1:
    resolution: {integrity: sha1-2j6nRob6IaGaERwybpDrFaAZZoY=}
    dependencies:
      minimist: 0.0.10
      wordwrap: 0.0.3
    dev: true

  /p-limit/2.3.0:
    resolution: {integrity: sha512-//88mFWSJx8lxCzwdAABTJL2MyWB12+eIY7MDL2SqLmAkeKU9qxRvWuSyTjm3FUmpBEMuFfckAIqEaVGUDxb6w==}
    engines: {node: '>=6'}
    dependencies:
      p-try: 2.2.0
    dev: false

  /p-locate/4.1.0:
    resolution: {integrity: sha512-R79ZZ/0wAxKGu3oYMlz8jy/kbhsNrS7SKZ7PxEHBgJ5+F2mtFW2fK2cOtBh1cHYkQsbzFV7I+EoRKe6Yt0oK7A==}
    engines: {node: '>=8'}
    dependencies:
      p-limit: 2.3.0
    dev: false

  /p-try/2.2.0:
    resolution: {integrity: sha512-R4nPAVTAU0B9D35/Gk3uJf/7XYbQcyohSKdvAxIRSNghFl4e71hVoGnBNQz9cWaXxO2I10KTC+3jMdvvoKw6dQ==}
    engines: {node: '>=6'}
    dev: false

  /papaparse/5.3.0:
    resolution: {integrity: sha512-Lb7jN/4bTpiuGPrYy4tkKoUS8sTki8zacB5ke1p5zolhcSE4TlWgrlsxjrDTbG/dFVh07ck7X36hUf/b5V68pg==}
    dev: false

  /parse-node-version/1.0.1:
    resolution: {integrity: sha512-3YHlOa/JgH6Mnpr05jP9eDG254US9ek25LyIxZlDItp2iJtwyaXQb57lBYLdT3MowkUFYEV2XXNAYIPlESvJlA==}
    engines: {node: '>= 0.10'}
    dev: false

  /path-exists/4.0.0:
    resolution: {integrity: sha512-ak9Qy5Q7jYb2Wwcey5Fpvg2KoAc/ZIhLSLOSBmRmygPsGwkVVt0fZa0qrtMz+m6tJTAHfZQ8FnmB4MG4LWy7/w==}
    engines: {node: '>=8'}
    dev: false

  /path-is-absolute/1.0.1:
    resolution: {integrity: sha1-F0uSaHNVNP+8es5r9TpanhtcX18=}
    engines: {node: '>=0.10.0'}
    dev: true

  /picomatch/2.2.3:
    resolution: {integrity: sha512-KpELjfwcCDUb9PeigTs2mBJzXUPzAuP2oPcA989He8Rte0+YUAjw1JVedDhuTKPkHjSYzMN3npC9luThGYEKdg==}
    engines: {node: '>=8.6'}
    dev: false

  /pify/4.0.1:
    resolution: {integrity: sha512-uB80kBFb/tfd68bVleG9T5GGsGPjJrLAUpR5PZIrhBnIaRTQRjqdJSsIKkOP6OAIFbj7GOrcudc5pNjZ+geV2g==}
    engines: {node: '>=6'}
    dev: false
    optional: true

  /prr/1.0.1:
    resolution: {integrity: sha1-0/wRS6BplaRexok/SEzrHXj19HY=}
    dev: false
    optional: true

  /ramda/0.8.0:
    resolution: {integrity: sha1-FB3buAaVtpKfKF7+oUEF2R5rM8w=}
    dev: false

  /readdirp/3.5.0:
    resolution: {integrity: sha512-cMhu7c/8rdhkHXWsY+osBhfSy0JikwpHK/5+imo+LpeasTF8ouErHrlYkwT0++njiyuDvc7OFY5T3ukvZ8qmFQ==}
    engines: {node: '>=8.10.0'}
    dependencies:
      picomatch: 2.2.3
    dev: false

  /require-directory/2.1.1:
    resolution: {integrity: sha1-jGStX9MNqxyXbiNE/+f3kqam30I=}
    engines: {node: '>=0.10.0'}
    dev: false

  /require-main-filename/2.0.0:
    resolution: {integrity: sha512-NKN5kMDylKuldxYLSUfrbo5Tuzh4hd+2E8NPPX02mZtn1VuREQToYe/ZdlJy+J3uCpfaiGF05e7B8W0iXbQHmg==}
    dev: false

  /requirejs/2.3.6:
    resolution: {integrity: sha512-ipEzlWQe6RK3jkzikgCupiTbTvm4S0/CAU5GlgptkN5SO6F3u0UD0K18wy6ErDqiCyP4J4YYe1HuAShvsxePLg==}
    engines: {node: '>=0.4.0'}
    hasBin: true
    dev: false

  /resolve/0.6.3:
    resolution: {integrity: sha1-3ZV5gufnNt699TtYpN2RdUV13UY=}
    dev: true

  /safer-buffer/2.1.2:
    resolution: {integrity: sha512-YZo3K82SD7Riyi0E1EQPojLz7kpepnSQI9IyPbHHg1XXXevb5dJI7tpyN2ADxGcQbHG7vcyRHk0cbwqcQriUtg==}
    dev: false
    optional: true

  /sass/1.32.11:
    resolution: {integrity: sha512-O9tRcob/fegUVSIV1ihLLZcftIOh0AF1VpKgusUfLqnb2jQ0GLDwI5ivv1FYWivGv8eZ/AwntTyTzjcHu0c/qw==}
    engines: {node: '>=8.9.0'}
    hasBin: true
    dependencies:
      chokidar: 3.5.1
    dev: false

  /sax/1.2.4:
    resolution: {integrity: sha512-NqVDv9TpANUjFm0N8uM5GxL36UgKi9/atZw+x7YFnQ8ckwFGKrl4xX4yWtrey3UJm5nP1kUbnYgLopqWNSRhWw==}
    dev: false
    optional: true

  /semver/5.7.1:
    resolution: {integrity: sha512-sauaDf/PZdVgrLTNYHRtpXa1iRiKcaebiKQ1BJdpQlWH2lCvexQdX55snPFyK7QzpudqbCI0qXFfOasHdyNDGQ==}
    hasBin: true
    dev: false
    optional: true

  /set-blocking/2.0.0:
    resolution: {integrity: sha1-BF+XgtARrppoA93TgrJDkrPYkPc=}
    dev: false

  /soundex-code/0.1.2:
    resolution: {integrity: sha1-tRpFd7/UFYYmCoqSB4s/YxjXOJs=}
    hasBin: true
    dev: false

  /source-map/0.6.1:
    resolution: {integrity: sha512-UjgapumWlbMhkBgzT7Ykc5YXUT46F0iKu8SGXq0bcwP5dz/h0Plj6enJqjz1Zbq2l5WaqYnrVbwWOWMyF3F47g==}
    engines: {node: '>=0.10.0'}
    dev: false
    optional: true

  /spin.js/2.0.1:
    resolution: {integrity: sha1-GhWKmsCTBgTT+flyZuiztlGcVp8=}
    dev: false

  /sprintf-js/1.0.3:
    resolution: {integrity: sha1-BOaSb2YolTVPPdAVIDYzuFcpfiw=}
    dev: false

  /string-width/4.2.2:
    resolution: {integrity: sha512-XBJbT3N4JhVumXE0eoLU9DCjcaF92KLNqTmFCnG1pf8duUxFGwtP6AD6nkjw9a3IdiRtL3E2w3JDiE/xi3vOeA==}
    engines: {node: '>=8'}
    dependencies:
      emoji-regex: 8.0.0
      is-fullwidth-code-point: 3.0.0
      strip-ansi: 6.0.0
    dev: false

  /strip-ansi/6.0.0:
    resolution: {integrity: sha512-AuvKTrTfQNYNIctbR1K/YGTR1756GycPsg7b9bdV9Duqur4gv6aKqHXah67Z8ImS7WEz5QVcOtlfW2rZEugt6w==}
    engines: {node: '>=8'}
    dependencies:
      ansi-regex: 5.0.0
    dev: false

  /strip-json-comments/1.0.4:
    resolution: {integrity: sha1-HhX7ysl9Pumb8tc7TGVrCCu6+5E=}
    engines: {node: '>=0.8.0'}
    hasBin: true
    dev: true

  /tinycolor2/1.1.2:
    resolution: {integrity: sha1-aQsTwO8FVrxyU4Vqk8PMQrCfNek=}
    dev: false

  /to-regex-range/5.0.1:
    resolution: {integrity: sha512-65P7iz6X5yEr1cwcgvQxbbIw7Uk3gOy5dIdtZ4rDveLqhrdJP+Li/Hx6tyK0NEb+2GCyneCMJiGqrADCSNk8sQ==}
    engines: {node: '>=8.0'}
    dependencies:
      is-number: 7.0.0
    dev: false

  /tslib/1.14.1:
    resolution: {integrity: sha512-Xni35NKzjgMrwevysHTCArtLDpPvye8zV/0E4EyYn43P7/7qvQwPh9BGkHewbMulVntbigmcT7rdX3BNo9wRJg==}
    dev: false

  /uc.micro/1.0.6:
    resolution: {integrity: sha512-8Y75pvTYkLJW2hWQHXxoqRgV7qb9B+9vFEtidML+7koHUFapnVJAZ6cKs+Qjz5Aw3aZWHMC6u0wJE3At+nSGwA==}
    dev: false

  /uglify-js/3.13.3:
    resolution: {integrity: sha512-otIc7O9LyxpUcQoXzj2hL4LPWKklO6LJWoJUzNa8A17Xgi4fOeDC8FBDOLHnC/Slo1CQgsZMcM6as0M76BZaig==}
    engines: {node: '>=0.8.0'}
    hasBin: true
    dev: false

  /which-module/2.0.0:
    resolution: {integrity: sha1-2e8H3Od7mQK4o6j6SzHD4/fm6Ho=}
    dev: false

  /wordwrap/0.0.3:
    resolution: {integrity: sha1-o9XabNXAvAAI03I0u68b7WMFkQc=}
    engines: {node: '>=0.4.0'}
    dev: true

  /wrap-ansi/6.2.0:
    resolution: {integrity: sha512-r6lPcBGxZXlIcymEu7InxDMhdW0KDxpLgoFLcguasxCaJ/SOIZwINatK9KY/tf+ZrlywOKU0UDj3ATXUBfxJXA==}
    engines: {node: '>=8'}
    dependencies:
      ansi-styles: 4.3.0
      string-width: 4.2.2
      strip-ansi: 6.0.0
    dev: false

  /wrappy/1.0.2:
    resolution: {integrity: sha1-tSQ9jz7BqjXxNkYFvA0QNuMKtp8=}
    dev: true

  /y18n/4.0.1:
    resolution: {integrity: sha512-wNcy4NvjMYL8gogWWYAO7ZFWFfHcbdbE57tZO8e4cbpj8tfUcwrwqSl3ad8HxpYWCdXcJUCeKKZS62Av1affwQ==}
    dev: false

  /yargs-parser/18.1.3:
    resolution: {integrity: sha512-o50j0JeToy/4K6OZcaQmW6lyXXKhq7csREXcDwk2omFPJEwUNOVtJKvmDr9EI1fAJZUyZcRF7kxGBWmRXudrCQ==}
    engines: {node: '>=6'}
    dependencies:
      camelcase: 5.3.1
      decamelize: 1.2.0
    dev: false

  /yargs/15.4.1:
    resolution: {integrity: sha512-aePbxDmcYW++PaqBsJ+HYUFwCdv4LVvdnhBy78E57PIor8/OVvhMrADFFEDh8DHDFRv/O9i3lPhsENjO7QX0+A==}
    engines: {node: '>=8'}
    dependencies:
      cliui: 6.0.0
      decamelize: 1.2.0
      find-up: 4.1.0
      get-caller-file: 2.0.5
      require-directory: 2.1.1
      require-main-filename: 2.0.0
      set-blocking: 2.0.0
      string-width: 4.2.2
      which-module: 2.0.0
      y18n: 4.0.1
      yargs-parser: 18.1.3
    dev: false

  github.com/Jacq/angular-growl-2/8ef35967afa04e179050fb169072f51cbf6cf312:
    resolution: {tarball: https://codeload.github.com/Jacq/angular-growl-2/tar.gz/8ef35967afa04e179050fb169072f51cbf6cf312}
    name: angular-growl-v2
    version: 0.7.1
    dev: false
